
Microsoft Visual Studio Solution File, Format Version 12.00
Project("{2150E333-8FDC-42A3-9474-1A3956D46DE8}") = "src", "src", "{7573A726-8DCE-4F20-9CBB-EC44BC6E96AA}"
EndProject
Project("{FAE04EC0-301F-11D3-BF4B-00C04F79EFBC}") = "PackIT.Api", "PackIT.Api\PackIT.Api.csproj", "{9D7A1BD7-31EC-4F94-AF36-AB8B73322EBD}"
EndProject
Project("{FAE04EC0-301F-11D3-BF4B-00C04F79EFBC}") = "PackIT.Domain", "PackIT.Domain\PackIT.Domain.csproj", "{856A62D7-89D6-4E83-AAEE-647AC1C1BD32}"
EndProject
Project("{FAE04EC0-301F-11D3-BF4B-00C04F79EFBC}") = "PackIT.Application", "PackIT.Application\PackIT.Application.csproj", "{EBA8D405-B73D-42A3-A072-FEA40959852D}"
EndProject
Project("{FAE04EC0-301F-11D3-BF4B-00C04F79EFBC}") = "PackIT.Infrastructure", "PackIT.Infrastructure\PackIT.Infrastructure.csproj", "{DE22BAC3-2066-4906-B8EA-D06E49B73477}"
EndProject
Project("{2150E333-8FDC-42A3-9474-1A3956D46DE8}") = "Shared", "Shared", "{C6BAB89C-9E18-40C8-A789-3EECB7809177}"
EndProject
Project("{FAE04EC0-301F-11D3-BF4B-00C04F79EFBC}") = "PackIT.Shared", "PackIT.Shared\PackIT.Shared.csproj", "{2EB3D225-3C35-485E-B2C5-BE0D6DF95C15}"
EndProject
Project("{FAE04EC0-301F-11D3-BF4B-00C04F79EFBC}") = "PackIT.Shared.Abstractions", "PackIT.Shared.Abstractions\PackIT.Shared.Abstractions.csproj", "{9EFA436B-7F78-472F-B026-52C431FDE225}"
EndProject
Global
	GlobalSection(SolutionConfigurationPlatforms) = preSolution
		Debug|Any CPU = Debug|Any CPU
		Release|Any CPU = Release|Any CPU
	EndGlobalSection
	GlobalSection(NestedProjects) = preSolution
		{9D7A1BD7-31EC-4F94-AF36-AB8B73322EBD} = {7573A726-8DCE-4F20-9CBB-EC44BC6E96AA}
		{856A62D7-89D6-4E83-AAEE-647AC1C1BD32} = {7573A726-8DCE-4F20-9CBB-EC44BC6E96AA}
		{EBA8D405-B73D-42A3-A072-FEA40959852D} = {7573A726-8DCE-4F20-9CBB-EC44BC6E96AA}
		{DE22BAC3-2066-4906-B8EA-D06E49B73477} = {7573A726-8DCE-4F20-9CBB-EC44BC6E96AA}
		{C6BAB89C-9E18-40C8-A789-3EECB7809177} = {7573A726-8DCE-4F20-9CBB-EC44BC6E96AA}
		{2EB3D225-3C35-485E-B2C5-BE0D6DF95C15} = {C6BAB89C-9E18-40C8-A789-3EECB7809177}
		{9EFA436B-7F78-472F-B026-52C431FDE225} = {C6BAB89C-9E18-40C8-A789-3EECB7809177}
	EndGlobalSection
	GlobalSection(ProjectConfigurationPlatforms) = postSolution
		{9D7A1BD7-31EC-4F94-AF36-AB8B73322EBD}.Debug|Any CPU.ActiveCfg = Debug|Any CPU
		{9D7A1BD7-31EC-4F94-AF36-AB8B73322EBD}.Debug|Any CPU.Build.0 = Debug|Any CPU
		{9D7A1BD7-31EC-4F94-AF36-AB8B73322EBD}.Release|Any CPU.ActiveCfg = Release|Any CPU
		{9D7A1BD7-31EC-4F94-AF36-AB8B73322EBD}.Release|Any CPU.Build.0 = Release|Any CPU
		{856A62D7-89D6-4E83-AAEE-647AC1C1BD32}.Debug|Any CPU.ActiveCfg = Debug|Any CPU
		{856A62D7-89D6-4E83-AAEE-647AC1C1BD32}.Debug|Any CPU.Build.0 = Debug|Any CPU
		{856A62D7-89D6-4E83-AAEE-647AC1C1BD32}.Release|Any CPU.ActiveCfg = Release|Any CPU
		{856A62D7-89D6-4E83-AAEE-647AC1C1BD32}.Release|Any CPU.Build.0 = Release|Any CPU
		{EBA8D405-B73D-42A3-A072-FEA40959852D}.Debug|Any CPU.ActiveCfg = Debug|Any CPU
		{EBA8D405-B73D-42A3-A072-FEA40959852D}.Debug|Any CPU.Build.0 = Debug|Any CPU
		{EBA8D405-B73D-42A3-A072-FEA40959852D}.Release|Any CPU.ActiveCfg = Release|Any CPU
		{EBA8D405-B73D-42A3-A072-FEA40959852D}.Release|Any CPU.Build.0 = Release|Any CPU
		{DE22BAC3-2066-4906-B8EA-D06E49B73477}.Debug|Any CPU.ActiveCfg = Debug|Any CPU
		{DE22BAC3-2066-4906-B8EA-D06E49B73477}.Debug|Any CPU.Build.0 = Debug|Any CPU
		{DE22BAC3-2066-4906-B8EA-D06E49B73477}.Release|Any CPU.ActiveCfg = Release|Any CPU
		{DE22BAC3-2066-4906-B8EA-D06E49B73477}.Release|Any CPU.Build.0 = Release|Any CPU
		{2EB3D225-3C35-485E-B2C5-BE0D6DF95C15}.Debug|Any CPU.ActiveCfg = Debug|Any CPU
		{2EB3D225-3C35-485E-B2C5-BE0D6DF95C15}.Debug|Any CPU.Build.0 = Debug|Any CPU
		{2EB3D225-3C35-485E-B2C5-BE0D6DF95C15}.Release|Any CPU.ActiveCfg = Release|Any CPU
		{2EB3D225-3C35-485E-B2C5-BE0D6DF95C15}.Release|Any CPU.Build.0 = Release|Any CPU
		{9EFA436B-7F78-472F-B026-52C431FDE225}.Debug|Any CPU.ActiveCfg = Debug|Any CPU
		{9EFA436B-7F78-472F-B026-52C431FDE225}.Debug|Any CPU.Build.0 = Debug|Any CPU
		{9EFA436B-7F78-472F-B026-52C431FDE225}.Release|Any CPU.ActiveCfg = Release|Any CPU
		{9EFA436B-7F78-472F-B026-52C431FDE225}.Release|Any CPU.Build.0 = Release|Any CPU
	EndGlobalSection
EndGlobal
